# THIS IS AN AUTOGENERATED FILE. DO NOT EDIT THIS FILE DIRECTLY.
# yarn lockfile v1


"@metacraft/murg-engine@^0.0.28":
  version "0.0.28"
  resolved "https://registry.yarnpkg.com/@metacraft/murg-engine/-/murg-engine-0.0.28.tgz#96d6b1c17306ad379ff1c1657aa6c04e6935504f"
  integrity sha512-H0R8RsSs8OS7fiRAgMPhU6lJ4lC80FaGVGN5qC6QxC2jow0kD59N+dY1bW0cZN5cR3+ZdGgk45xl0k6I7dzYDA==
  dependencies:
    mustache "^4.2.0"

lodash@^4.17.21:
  version "4.17.21"
  resolved "https://registry.yarnpkg.com/lodash/-/lodash-4.17.21.tgz#679591c564c3bffaae8454cf0b3df370c3d6911c"
  integrity sha512-v2kDEe57lecTulaDIuNTPy3Ry4gLGJ6Z1O3vE1krgXZNrsQ+LFTGHVxVjcXPs17LhbZVGedAJv8XZ1tvj5FvSg==

mustache@^4.2.0:
  version "4.2.0"
  resolved "https://registry.yarnpkg.com/mustache/-/mustache-4.2.0.tgz#e5892324d60a12ec9c2a73359edca52972bf6f64"
  integrity sha512-71ippSywq5Yb7/tVYyGbkBggbU8H3u5Rz56fH60jGFgr8uHwxs+aSKeqmluIVzM0m0kB7xQjKS6qPfd0b2ZoqQ==
