# THIS IS AN AUTOGENERATED FILE. DO NOT EDIT THIS FILE DIRECTLY.
# yarn lockfile v1


"@metacraft/murg-engine@^0.0.21":
  version "0.0.21"
  resolved "https://registry.yarnpkg.com/@metacraft/murg-engine/-/murg-engine-0.0.21.tgz#53431e121977778a3b6b0c44511bc14d66c78412"
  integrity sha512-i/QmmJ1V0aW6/TthnrTLPraFIQ+0jdVYnCRO/VI/nnyL1ulbxXQQYl1TqFlr1Jddv+PuYNd5NEdAMlI79P8x1g==
